
Microsoft Visual Studio Solution File, Format Version 12.00
# Visual Studio Version 17
VisualStudioVersion = 17.5.002.0
MinimumVisualStudioVersion = 10.0.40219.1
Project("{2150E333-8FDC-42A3-9474-1A3956D46DE8}") = "csharp-prep", "csharp-prep", "{1193B342-E460-431D-AF9A-33DB095A64B9}"
EndProject
Project("{9A19103F-16F7-4668-BE54-9A1E7A4F7556}") = "Prep1", "csharp-prep\Prep1\Prep1.csproj", "{931D4EF9-63B6-46FA-8BC7-04CB40A8A2E8}"
EndProject
Project("{9A19103F-16F7-4668-BE54-9A1E7A4F7556}") = "Prep2", "csharp-prep\Prep2\Prep2.csproj", "{98172E51-A672-4015-8E6B-FE36E0CDAB5A}"
EndProject
Project("{9A19103F-16F7-4668-BE54-9A1E7A4F7556}") = "Prep3", "csharp-prep\Prep3\Prep3.csproj", "{F395E0C5-7598-4642-BB45-9DBD5A533F7F}"
EndProject
Project("{9A19103F-16F7-4668-BE54-9A1E7A4F7556}") = "Prep4", "csharp-prep\Prep4\Prep4.csproj", "{2A9386CC-5B0C-4ECB-A4CE-750294B169F4}"
EndProject
Project("{9A19103F-16F7-4668-BE54-9A1E7A4F7556}") = "Prep5", "csharp-prep\Prep5\Prep5.csproj", "{68628923-8B7E-41A5-B406-C2BBA698414D}"
EndProject
Project("{2150E333-8FDC-42A3-9474-1A3956D46DE8}") = "final", "final", "{0C84E40E-EE2E-4C2C-97C9-1234E5E78FAA}"
EndProject
Project("{9A19103F-16F7-4668-BE54-9A1E7A4F7556}") = "FinalProject", "final\FinalProject\FinalProject.csproj", "{03DBE83D-62F0-467B-A41C-3D29CDF33A8E}"
EndProject
Project("{9A19103F-16F7-4668-BE54-9A1E7A4F7556}") = "Foundation1", "final\Foundation1\Foundation1.csproj", "{B4E833BE-D6CB-425E-88EC-131A2009DDC6}"
EndProject
Project("{9A19103F-16F7-4668-BE54-9A1E7A4F7556}") = "Foundation2", "final\Foundation2\Foundation2.csproj", "{3425F9D4-9536-400A-A739-EF5D78309A20}"
EndProject
Project("{9A19103F-16F7-4668-BE54-9A1E7A4F7556}") = "Foundation3", "final\Foundation3\Foundation3.csproj", "{99D52298-864E-42D2-B83D-51D8D01B1483}"
EndProject
Project("{9A19103F-16F7-4668-BE54-9A1E7A4F7556}") = "Foundation4", "final\Foundation4\Foundation4.csproj", "{3B580EEC-9C7A-4CE0-A304-1967E2228E19}"
EndProject
Project("{2150E333-8FDC-42A3-9474-1A3956D46DE8}") = "prepare", "prepare", "{8936FB14-8261-4C9D-8700-E70CFD851484}"
EndProject
Project("{9A19103F-16F7-4668-BE54-9A1E7A4F7556}") = "Learning02", "prepare\Learning02\Learning02.csproj", "{7ADC724C-E461-46D9-9857-B4ED1A03A88B}"
EndProject
Project("{9A19103F-16F7-4668-BE54-9A1E7A4F7556}") = "Learning03", "prepare\Learning03\Learning03.csproj", "{C88324C2-88A9-4D82-B774-9570ACA1F190}"
EndProject
Project("{9A19103F-16F7-4668-BE54-9A1E7A4F7556}") = "Learning04", "prepare\Learning04\Learning04.csproj", "{023E7489-AEF4-4823-8C16-06EAD931154A}"
EndProject
Project("{9A19103F-16F7-4668-BE54-9A1E7A4F7556}") = "Learning05", "prepare\Learning05\Learning05.csproj", "{1AC2C2F5-A0D9-4DA7-89ED-86D90FF52061}"
EndProject
Project("{2150E333-8FDC-42A3-9474-1A3956D46DE8}") = "prove", "prove", "{31FED61B-54D8-4EFC-96DB-9AFE357165D0}"
EndProject
Project("{9A19103F-16F7-4668-BE54-9A1E7A4F7556}") = "Develop02", "prove\Develop02\Develop02.csproj", "{4231EA52-AC16-4122-AA73-1EBBC8B4DFC9}"
EndProject
Project("{9A19103F-16F7-4668-BE54-9A1E7A4F7556}") = "Develop03", "prove\Develop03\Develop03.csproj", "{B366AFCB-3DFF-4D83-9AFA-09149FCB95A8}"
EndProject
Project("{9A19103F-16F7-4668-BE54-9A1E7A4F7556}") = "Develop04", "prove\Develop04\Develop04.csproj", "{33265ABC-ECA4-4309-B1C4-6C729E3FBF0C}"
EndProject
Project("{9A19103F-16F7-4668-BE54-9A1E7A4F7556}") = "Develop05", "prove\Develop05\Develop05.csproj", "{67C26C64-D651-4F61-B313-20870E1EC2BB}"
EndProject
Project("{2150E333-8FDC-42A3-9474-1A3956D46DE8}") = "sandbox", "sandbox", "{8DAAE0D6-BFD4-4ABA-80A1-5FC980B3F48C}"
EndProject
Project("{9A19103F-16F7-4668-BE54-9A1E7A4F7556}") = "Sandbox", "sandbox\Sandbox\Sandbox.csproj", "{991D03DC-866B-49B5-AE4C-0EC40550418B}"
EndProject
Global
	GlobalSection(SolutionConfigurationPlatforms) = preSolution
		Debug|Any CPU = Debug|Any CPU
		Release|Any CPU = Release|Any CPU
	EndGlobalSection
	GlobalSection(ProjectConfigurationPlatforms) = postSolution
		{931D4EF9-63B6-46FA-8BC7-04CB40A8A2E8}.Debug|Any CPU.ActiveCfg = Debug|Any CPU
		{931D4EF9-63B6-46FA-8BC7-04CB40A8A2E8}.Debug|Any CPU.Build.0 = Debug|Any CPU
		{931D4EF9-63B6-46FA-8BC7-04CB40A8A2E8}.Release|Any CPU.ActiveCfg = Release|Any CPU
		{931D4EF9-63B6-46FA-8BC7-04CB40A8A2E8}.Release|Any CPU.Build.0 = Release|Any CPU
		{98172E51-A672-4015-8E6B-FE36E0CDAB5A}.Debug|Any CPU.ActiveCfg = Debug|Any CPU
		{98172E51-A672-4015-8E6B-FE36E0CDAB5A}.Debug|Any CPU.Build.0 = Debug|Any CPU
		{98172E51-A672-4015-8E6B-FE36E0CDAB5A}.Release|Any CPU.ActiveCfg = Release|Any CPU
		{98172E51-A672-4015-8E6B-FE36E0CDAB5A}.Release|Any CPU.Build.0 = Release|Any CPU
		{F395E0C5-7598-4642-BB45-9DBD5A533F7F}.Debug|Any CPU.ActiveCfg = Debug|Any CPU
		{F395E0C5-7598-4642-BB45-9DBD5A533F7F}.Debug|Any CPU.Build.0 = Debug|Any CPU
		{F395E0C5-7598-4642-BB45-9DBD5A533F7F}.Release|Any CPU.ActiveCfg = Release|Any CPU
		{F395E0C5-7598-4642-BB45-9DBD5A533F7F}.Release|Any CPU.Build.0 = Release|Any CPU
		{2A9386CC-5B0C-4ECB-A4CE-750294B169F4}.Debug|Any CPU.ActiveCfg = Debug|Any CPU
		{2A9386CC-5B0C-4ECB-A4CE-750294B169F4}.Debug|Any CPU.Build.0 = Debug|Any CPU
		{2A9386CC-5B0C-4ECB-A4CE-750294B169F4}.Release|Any CPU.ActiveCfg = Release|Any CPU
		{2A9386CC-5B0C-4ECB-A4CE-750294B169F4}.Release|Any CPU.Build.0 = Release|Any CPU
		{68628923-8B7E-41A5-B406-C2BBA698414D}.Debug|Any CPU.ActiveCfg = Debug|Any CPU
		{68628923-8B7E-41A5-B406-C2BBA698414D}.Debug|Any CPU.Build.0 = Debug|Any CPU
		{68628923-8B7E-41A5-B406-C2BBA698414D}.Release|Any CPU.ActiveCfg = Release|Any CPU
		{68628923-8B7E-41A5-B406-C2BBA698414D}.Release|Any CPU.Build.0 = Release|Any CPU
		{03DBE83D-62F0-467B-A41C-3D29CDF33A8E}.Debug|Any CPU.ActiveCfg = Debug|Any CPU
		{03DBE83D-62F0-467B-A41C-3D29CDF33A8E}.Debug|Any CPU.Build.0 = Debug|Any CPU
		{03DBE83D-62F0-467B-A41C-3D29CDF33A8E}.Release|Any CPU.ActiveCfg = Release|Any CPU
		{03DBE83D-62F0-467B-A41C-3D29CDF33A8E}.Release|Any CPU.Build.0 = Release|Any CPU
		{B4E833BE-D6CB-425E-88EC-131A2009DDC6}.Debug|Any CPU.ActiveCfg = Debug|Any CPU
		{B4E833BE-D6CB-425E-88EC-131A2009DDC6}.Debug|Any CPU.Build.0 = Debug|Any CPU
		{B4E833BE-D6CB-425E-88EC-131A2009DDC6}.Release|Any CPU.ActiveCfg = Release|Any CPU
		{B4E833BE-D6CB-425E-88EC-131A2009DDC6}.Release|Any CPU.Build.0 = Release|Any CPU
		{3425F9D4-9536-400A-A739-EF5D78309A20}.Debug|Any CPU.ActiveCfg = Debug|Any CPU
		{3425F9D4-9536-400A-A739-EF5D78309A20}.Debug|Any CPU.Build.0 = Debug|Any CPU
		{3425F9D4-9536-400A-A739-EF5D78309A20}.Release|Any CPU.ActiveCfg = Release|Any CPU
		{3425F9D4-9536-400A-A739-EF5D78309A20}.Release|Any CPU.Build.0 = Release|Any CPU
		{99D52298-864E-42D2-B83D-51D8D01B1483}.Debug|Any CPU.ActiveCfg = Debug|Any CPU
		{99D52298-864E-42D2-B83D-51D8D01B1483}.Debug|Any CPU.Build.0 = Debug|Any CPU
		{99D52298-864E-42D2-B83D-51D8D01B1483}.Release|Any CPU.ActiveCfg = Release|Any CPU
		{99D52298-864E-42D2-B83D-51D8D01B1483}.Release|Any CPU.Build.0 = Release|Any CPU
		{3B580EEC-9C7A-4CE0-A304-1967E2228E19}.Debug|Any CPU.ActiveCfg = Debug|Any CPU
		{3B580EEC-9C7A-4CE0-A304-1967E2228E19}.Debug|Any CPU.Build.0 = Debug|Any CPU
		{3B580EEC-9C7A-4CE0-A304-1967E2228E19}.Release|Any CPU.ActiveCfg = Release|Any CPU
		{3B580EEC-9C7A-4CE0-A304-1967E2228E19}.Release|Any CPU.Build.0 = Release|Any CPU
		{7ADC724C-E461-46D9-9857-B4ED1A03A88B}.Debug|Any CPU.ActiveCfg = Debug|Any CPU
		{7ADC724C-E461-46D9-9857-B4ED1A03A88B}.Debug|Any CPU.Build.0 = Debug|Any CPU
		{7ADC724C-E461-46D9-9857-B4ED1A03A88B}.Release|Any CPU.ActiveCfg = Release|Any CPU
		{7ADC724C-E461-46D9-9857-B4ED1A03A88B}.Release|Any CPU.Build.0 = Release|Any CPU
		{C88324C2-88A9-4D82-B774-9570ACA1F190}.Debug|Any CPU.ActiveCfg = Debug|Any CPU
		{C88324C2-88A9-4D82-B774-9570ACA1F190}.Debug|Any CPU.Build.0 = Debug|Any CPU
		{C88324C2-88A9-4D82-B774-9570ACA1F190}.Release|Any CPU.ActiveCfg = Release|Any CPU
		{C88324C2-88A9-4D82-B774-9570ACA1F190}.Release|Any CPU.Build.0 = Release|Any CPU
		{023E7489-AEF4-4823-8C16-06EAD931154A}.Debug|Any CPU.ActiveCfg = Debug|Any CPU
		{023E7489-AEF4-4823-8C16-06EAD931154A}.Debug|Any CPU.Build.0 = Debug|Any CPU
		{023E7489-AEF4-4823-8C16-06EAD931154A}.Release|Any CPU.ActiveCfg = Release|Any CPU
		{023E7489-AEF4-4823-8C16-06EAD931154A}.Release|Any CPU.Build.0 = Release|Any CPU
		{1AC2C2F5-A0D9-4DA7-89ED-86D90FF52061}.Debug|Any CPU.ActiveCfg = Debug|Any CPU
		{1AC2C2F5-A0D9-4DA7-89ED-86D90FF52061}.Debug|Any CPU.Build.0 = Debug|Any CPU
		{1AC2C2F5-A0D9-4DA7-89ED-86D90FF52061}.Release|Any CPU.ActiveCfg = Release|Any CPU
		{1AC2C2F5-A0D9-4DA7-89ED-86D90FF52061}.Release|Any CPU.Build.0 = Release|Any CPU
		{4231EA52-AC16-4122-AA73-1EBBC8B4DFC9}.Debug|Any CPU.ActiveCfg = Debug|Any CPU
		{4231EA52-AC16-4122-AA73-1EBBC8B4DFC9}.Debug|Any CPU.Build.0 = Debug|Any CPU
		{4231EA52-AC16-4122-AA73-1EBBC8B4DFC9}.Release|Any CPU.ActiveCfg = Release|Any CPU
		{4231EA52-AC16-4122-AA73-1EBBC8B4DFC9}.Release|Any CPU.Build.0 = Release|Any CPU
		{B366AFCB-3DFF-4D83-9AFA-09149FCB95A8}.Debug|Any CPU.ActiveCfg = Debug|Any CPU
		{B366AFCB-3DFF-4D83-9AFA-09149FCB95A8}.Debug|Any CPU.Build.0 = Debug|Any CPU
		{B366AFCB-3DFF-4D83-9AFA-09149FCB95A8}.Release|Any CPU.ActiveCfg = Release|Any CPU
		{B366AFCB-3DFF-4D83-9AFA-09149FCB95A8}.Release|Any CPU.Build.0 = Release|Any CPU
		{33265ABC-ECA4-4309-B1C4-6C729E3FBF0C}.Debug|Any CPU.ActiveCfg = Debug|Any CPU
		{33265ABC-ECA4-4309-B1C4-6C729E3FBF0C}.Debug|Any CPU.Build.0 = Debug|Any CPU
		{33265ABC-ECA4-4309-B1C4-6C729E3FBF0C}.Release|Any CPU.ActiveCfg = Release|Any CPU
		{33265ABC-ECA4-4309-B1C4-6C729E3FBF0C}.Release|Any CPU.Build.0 = Release|Any CPU
		{67C26C64-D651-4F61-B313-20870E1EC2BB}.Debug|Any CPU.ActiveCfg = Debug|Any CPU
		{67C26C64-D651-4F61-B313-20870E1EC2BB}.Debug|Any CPU.Build.0 = Debug|Any CPU
		{67C26C64-D651-4F61-B313-20870E1EC2BB}.Release|Any CPU.ActiveCfg = Release|Any CPU
		{67C26C64-D651-4F61-B313-20870E1EC2BB}.Release|Any CPU.Build.0 = Release|Any CPU
		{991D03DC-866B-49B5-AE4C-0EC40550418B}.Debug|Any CPU.ActiveCfg = Debug|Any CPU
		{991D03DC-866B-49B5-AE4C-0EC40550418B}.Debug|Any CPU.Build.0 = Debug|Any CPU
		{991D03DC-866B-49B5-AE4C-0EC40550418B}.Release|Any CPU.ActiveCfg = Release|Any CPU
		{991D03DC-866B-49B5-AE4C-0EC40550418B}.Release|Any CPU.Build.0 = Release|Any CPU
	EndGlobalSection
	GlobalSection(SolutionProperties) = preSolution
		HideSolutionNode = FALSE
	EndGlobalSection
	GlobalSection(NestedProjects) = preSolution
		{931D4EF9-63B6-46FA-8BC7-04CB40A8A2E8} = {1193B342-E460-431D-AF9A-33DB095A64B9}
		{98172E51-A672-4015-8E6B-FE36E0CDAB5A} = {1193B342-E460-431D-AF9A-33DB095A64B9}
		{F395E0C5-7598-4642-BB45-9DBD5A533F7F} = {1193B342-E460-431D-AF9A-33DB095A64B9}
		{2A9386CC-5B0C-4ECB-A4CE-750294B169F4} = {1193B342-E460-431D-AF9A-33DB095A64B9}
		{68628923-8B7E-41A5-B406-C2BBA698414D} = {1193B342-E460-431D-AF9A-33DB095A64B9}
		{03DBE83D-62F0-467B-A41C-3D29CDF33A8E} = {0C84E40E-EE2E-4C2C-97C9-1234E5E78FAA}
		{B4E833BE-D6CB-425E-88EC-131A2009DDC6} = {0C84E40E-EE2E-4C2C-97C9-1234E5E78FAA}
		{3425F9D4-9536-400A-A739-EF5D78309A20} = {0C84E40E-EE2E-4C2C-97C9-1234E5E78FAA}
		{99D52298-864E-42D2-B83D-51D8D01B1483} = {0C84E40E-EE2E-4C2C-97C9-1234E5E78FAA}
		{3B580EEC-9C7A-4CE0-A304-1967E2228E19} = {0C84E40E-EE2E-4C2C-97C9-1234E5E78FAA}
		{7ADC724C-E461-46D9-9857-B4ED1A03A88B} = {8936FB14-8261-4C9D-8700-E70CFD851484}
		{C88324C2-88A9-4D82-B774-9570ACA1F190} = {8936FB14-8261-4C9D-8700-E70CFD851484}
		{023E7489-AEF4-4823-8C16-06EAD931154A} = {8936FB14-8261-4C9D-8700-E70CFD851484}
		{1AC2C2F5-A0D9-4DA7-89ED-86D90FF52061} = {8936FB14-8261-4C9D-8700-E70CFD851484}
		{4231EA52-AC16-4122-AA73-1EBBC8B4DFC9} = {31FED61B-54D8-4EFC-96DB-9AFE357165D0}
		{B366AFCB-3DFF-4D83-9AFA-09149FCB95A8} = {31FED61B-54D8-4EFC-96DB-9AFE357165D0}
		{33265ABC-ECA4-4309-B1C4-6C729E3FBF0C} = {31FED61B-54D8-4EFC-96DB-9AFE357165D0}
		{67C26C64-D651-4F61-B313-20870E1EC2BB} = {31FED61B-54D8-4EFC-96DB-9AFE357165D0}
		{991D03DC-866B-49B5-AE4C-0EC40550418B} = {8DAAE0D6-BFD4-4ABA-80A1-5FC980B3F48C}
	EndGlobalSection
	GlobalSection(ExtensibilityGlobals) = postSolution
		SolutionGuid = {E9408E63-0B08-493D-994C-9950C3955880}
	EndGlobalSection
EndGlobal
